
Microsoft Visual Studio Solution File, Format Version 12.00
# Visual Studio Version 17
VisualStudioVersion = 17.11.35327.3
MinimumVisualStudioVersion = 10.0.40219.1
Project("{2150E333-8FDC-42A3-9474-1A3956D46DE8}") = "Services", "Services", "{983F7333-0C03-467F-8CA8-927516003DF7}"
EndProject
Project("{2150E333-8FDC-42A3-9474-1A3956D46DE8}") = "Catalog", "Catalog", "{74FDECCF-D425-498B-B1A8-49B427F9F884}"
EndProject
Project("{9A19103F-16F7-4668-BE54-9A1E7A4F7556}") = "Catalog.API", "Services\Catalog\Catalog.API\Catalog.API.csproj", "{E6D96CA8-855A-495C-B7AA-5E849683D59C}"
EndProject
Project("{2150E333-8FDC-42A3-9474-1A3956D46DE8}") = "BuildingBlocks", "BuildingBlocks", "{F99D6A16-5CE4-4FDF-9D8D-E867D590F8D4}"
EndProject
Project("{9A19103F-16F7-4668-BE54-9A1E7A4F7556}") = "BuildingBlocks", "BuildingBlocks\BuildingBlocks\BuildingBlocks.csproj", "{58011DF4-C8C3-45EC-99A3-2600823C4141}"
EndProject
Project("{E53339B2-1760-4266-BCC7-CA923CBCF16C}") = "docker-compose", "docker-compose.dcproj", "{CBAA6B7D-427E-4C11-AC83-8345A8754E5F}"
EndProject
Project("{2150E333-8FDC-42A3-9474-1A3956D46DE8}") = "Basket", "Basket", "{0D4704B7-23FE-4020-BCF2-8487FEE5E4D5}"
EndProject
Project("{9A19103F-16F7-4668-BE54-9A1E7A4F7556}") = "Basket.API", "Services\Basket\Basket.API\Basket.API.csproj", "{354DC43A-3B6D-4A97-B557-56A4F3B48FA0}"
EndProject
Project("{2150E333-8FDC-42A3-9474-1A3956D46DE8}") = "Discount", "Discount", "{BFD1D7F7-8559-44B8-98D7-D2A0FDCF80E2}"
EndProject
Project("{9A19103F-16F7-4668-BE54-9A1E7A4F7556}") = "Discount.Grpc", "Services\Discount\Discount.Grpc\Discount.Grpc.csproj", "{4460F0F3-5C1E-4B4C-9CBD-16D844179D4D}"
EndProject
Project("{2150E333-8FDC-42A3-9474-1A3956D46DE8}") = "Ordering", "Ordering", "{25738651-B73E-44FF-9D20-21BA7B62D4EB}"
EndProject
Project("{9A19103F-16F7-4668-BE54-9A1E7A4F7556}") = "Ordering.API", "Services\Ordering\Ordering.API\Ordering.API.csproj", "{7DAD1738-1834-4743-87A4-FCEE7620CE3A}"
EndProject
Project("{FAE04EC0-301F-11D3-BF4B-00C04F79EFBC}") = "Ordering.Domain", "Services\Ordering\Ordering.Domain\Ordering.Domain.csproj", "{360512E6-A504-4853-998E-1B9BE67AAC05}"
EndProject
Project("{FAE04EC0-301F-11D3-BF4B-00C04F79EFBC}") = "Ordering.Application", "Services\Ordering\Ordering.Application\Ordering.Application.csproj", "{52AD767A-4156-477B-AEDF-D6A13B4558A2}"
EndProject
Project("{FAE04EC0-301F-11D3-BF4B-00C04F79EFBC}") = "Ordering.Infrastructure", "Services\Ordering\Ordering.Infrastructure\Ordering.Infrastructure.csproj", "{50065A0A-B0D5-4EE7-8B94-464BE9906ACF}"
EndProject
Global
	GlobalSection(SolutionConfigurationPlatforms) = preSolution
		Debug|Any CPU = Debug|Any CPU
		Release|Any CPU = Release|Any CPU
	EndGlobalSection
	GlobalSection(ProjectConfigurationPlatforms) = postSolution
		{E6D96CA8-855A-495C-B7AA-5E849683D59C}.Debug|Any CPU.ActiveCfg = Debug|Any CPU
		{E6D96CA8-855A-495C-B7AA-5E849683D59C}.Debug|Any CPU.Build.0 = Debug|Any CPU
		{E6D96CA8-855A-495C-B7AA-5E849683D59C}.Release|Any CPU.ActiveCfg = Release|Any CPU
		{E6D96CA8-855A-495C-B7AA-5E849683D59C}.Release|Any CPU.Build.0 = Release|Any CPU
		{58011DF4-C8C3-45EC-99A3-2600823C4141}.Debug|Any CPU.ActiveCfg = Debug|Any CPU
		{58011DF4-C8C3-45EC-99A3-2600823C4141}.Debug|Any CPU.Build.0 = Debug|Any CPU
		{58011DF4-C8C3-45EC-99A3-2600823C4141}.Release|Any CPU.ActiveCfg = Release|Any CPU
		{58011DF4-C8C3-45EC-99A3-2600823C4141}.Release|Any CPU.Build.0 = Release|Any CPU
		{CBAA6B7D-427E-4C11-AC83-8345A8754E5F}.Debug|Any CPU.ActiveCfg = Debug|Any CPU
		{CBAA6B7D-427E-4C11-AC83-8345A8754E5F}.Debug|Any CPU.Build.0 = Debug|Any CPU
		{CBAA6B7D-427E-4C11-AC83-8345A8754E5F}.Release|Any CPU.ActiveCfg = Release|Any CPU
		{CBAA6B7D-427E-4C11-AC83-8345A8754E5F}.Release|Any CPU.Build.0 = Release|Any CPU
		{354DC43A-3B6D-4A97-B557-56A4F3B48FA0}.Debug|Any CPU.ActiveCfg = Debug|Any CPU
		{354DC43A-3B6D-4A97-B557-56A4F3B48FA0}.Debug|Any CPU.Build.0 = Debug|Any CPU
		{354DC43A-3B6D-4A97-B557-56A4F3B48FA0}.Release|Any CPU.ActiveCfg = Release|Any CPU
		{354DC43A-3B6D-4A97-B557-56A4F3B48FA0}.Release|Any CPU.Build.0 = Release|Any CPU
		{4460F0F3-5C1E-4B4C-9CBD-16D844179D4D}.Debug|Any CPU.ActiveCfg = Debug|Any CPU
		{4460F0F3-5C1E-4B4C-9CBD-16D844179D4D}.Debug|Any CPU.Build.0 = Debug|Any CPU
		{4460F0F3-5C1E-4B4C-9CBD-16D844179D4D}.Release|Any CPU.ActiveCfg = Release|Any CPU
		{4460F0F3-5C1E-4B4C-9CBD-16D844179D4D}.Release|Any CPU.Build.0 = Release|Any CPU
		{7DAD1738-1834-4743-87A4-FCEE7620CE3A}.Debug|Any CPU.ActiveCfg = Debug|Any CPU
		{7DAD1738-1834-4743-87A4-FCEE7620CE3A}.Debug|Any CPU.Build.0 = Debug|Any CPU
		{7DAD1738-1834-4743-87A4-FCEE7620CE3A}.Release|Any CPU.ActiveCfg = Release|Any CPU
		{7DAD1738-1834-4743-87A4-FCEE7620CE3A}.Release|Any CPU.Build.0 = Release|Any CPU
		{360512E6-A504-4853-998E-1B9BE67AAC05}.Debug|Any CPU.ActiveCfg = Debug|Any CPU
		{360512E6-A504-4853-998E-1B9BE67AAC05}.Debug|Any CPU.Build.0 = Debug|Any CPU
		{360512E6-A504-4853-998E-1B9BE67AAC05}.Release|Any CPU.ActiveCfg = Release|Any CPU
		{360512E6-A504-4853-998E-1B9BE67AAC05}.Release|Any CPU.Build.0 = Release|Any CPU
		{52AD767A-4156-477B-AEDF-D6A13B4558A2}.Debug|Any CPU.ActiveCfg = Debug|Any CPU
		{52AD767A-4156-477B-AEDF-D6A13B4558A2}.Debug|Any CPU.Build.0 = Debug|Any CPU
		{52AD767A-4156-477B-AEDF-D6A13B4558A2}.Release|Any CPU.ActiveCfg = Release|Any CPU
		{52AD767A-4156-477B-AEDF-D6A13B4558A2}.Release|Any CPU.Build.0 = Release|Any CPU
		{50065A0A-B0D5-4EE7-8B94-464BE9906ACF}.Debug|Any CPU.ActiveCfg = Debug|Any CPU
		{50065A0A-B0D5-4EE7-8B94-464BE9906ACF}.Debug|Any CPU.Build.0 = Debug|Any CPU
		{50065A0A-B0D5-4EE7-8B94-464BE9906ACF}.Release|Any CPU.ActiveCfg = Release|Any CPU
		{50065A0A-B0D5-4EE7-8B94-464BE9906ACF}.Release|Any CPU.Build.0 = Release|Any CPU
	EndGlobalSection
	GlobalSection(SolutionProperties) = preSolution
		HideSolutionNode = FALSE
	EndGlobalSection
	GlobalSection(NestedProjects) = preSolution
		{74FDECCF-D425-498B-B1A8-49B427F9F884} = {983F7333-0C03-467F-8CA8-927516003DF7}
		{E6D96CA8-855A-495C-B7AA-5E849683D59C} = {74FDECCF-D425-498B-B1A8-49B427F9F884}
		{58011DF4-C8C3-45EC-99A3-2600823C4141} = {F99D6A16-5CE4-4FDF-9D8D-E867D590F8D4}
		{0D4704B7-23FE-4020-BCF2-8487FEE5E4D5} = {983F7333-0C03-467F-8CA8-927516003DF7}
		{354DC43A-3B6D-4A97-B557-56A4F3B48FA0} = {0D4704B7-23FE-4020-BCF2-8487FEE5E4D5}
		{BFD1D7F7-8559-44B8-98D7-D2A0FDCF80E2} = {983F7333-0C03-467F-8CA8-927516003DF7}
		{4460F0F3-5C1E-4B4C-9CBD-16D844179D4D} = {BFD1D7F7-8559-44B8-98D7-D2A0FDCF80E2}
		{25738651-B73E-44FF-9D20-21BA7B62D4EB} = {983F7333-0C03-467F-8CA8-927516003DF7}
		{7DAD1738-1834-4743-87A4-FCEE7620CE3A} = {25738651-B73E-44FF-9D20-21BA7B62D4EB}
		{360512E6-A504-4853-998E-1B9BE67AAC05} = {25738651-B73E-44FF-9D20-21BA7B62D4EB}
		{52AD767A-4156-477B-AEDF-D6A13B4558A2} = {25738651-B73E-44FF-9D20-21BA7B62D4EB}
		{50065A0A-B0D5-4EE7-8B94-464BE9906ACF} = {25738651-B73E-44FF-9D20-21BA7B62D4EB}
	EndGlobalSection
	GlobalSection(ExtensibilityGlobals) = postSolution
		SolutionGuid = {FE02A671-32C9-4A8D-80F9-D338F2883737}
	EndGlobalSection
EndGlobal
